
Microsoft Visual Studio Solution File, Format Version 12.00
# Visual Studio 14
VisualStudioVersion = 14.0.25420.1
MinimumVisualStudioVersion = 10.0.40219.1
Project("{FAE04EC0-301F-11D3-BF4B-00C04F79EFBC}") = "ChoixResto", "ChoixResto\ChoixResto.csproj", "{C90B90FD-CB44-4747-AFCC-5AA0CA0F6171}"
EndProject
Project("{FAE04EC0-301F-11D3-BF4B-00C04F79EFBC}") = "ChoixResto.Tests", "ChoixResto.Tests\ChoixResto.Tests.csproj", "{988302FD-9ABF-4CD2-AA79-3E8AB0F8DD42}"
EndProject
Global
	GlobalSection(SolutionConfigurationPlatforms) = preSolution
		Debug|Any CPU = Debug|Any CPU
		Release|Any CPU = Release|Any CPU
	EndGlobalSection
	GlobalSection(ProjectConfigurationPlatforms) = postSolution
		{C90B90FD-CB44-4747-AFCC-5AA0CA0F6171}.Debug|Any CPU.ActiveCfg = Debug|Any CPU
		{C90B90FD-CB44-4747-AFCC-5AA0CA0F6171}.Debug|Any CPU.Build.0 = Debug|Any CPU
		{C90B90FD-CB44-4747-AFCC-5AA0CA0F6171}.Release|Any CPU.ActiveCfg = Release|Any CPU
		{C90B90FD-CB44-4747-AFCC-5AA0CA0F6171}.Release|Any CPU.Build.0 = Release|Any CPU
		{988302FD-9ABF-4CD2-AA79-3E8AB0F8DD42}.Debug|Any CPU.ActiveCfg = Debug|Any CPU
		{988302FD-9ABF-4CD2-AA79-3E8AB0F8DD42}.Debug|Any CPU.Build.0 = Debug|Any CPU
		{988302FD-9ABF-4CD2-AA79-3E8AB0F8DD42}.Release|Any CPU.ActiveCfg = Release|Any CPU
		{988302FD-9ABF-4CD2-AA79-3E8AB0F8DD42}.Release|Any CPU.Build.0 = Release|Any CPU
	EndGlobalSection
	GlobalSection(SolutionProperties) = preSolution
		HideSolutionNode = FALSE
	EndGlobalSection
EndGlobal
